
Microsoft Visual Studio Solution File, Format Version 12.00
# Visual Studio 2013
VisualStudioVersion = 12.0.21005.1
MinimumVisualStudioVersion = 10.0.40219.1
Project("{FAE04EC0-301F-11D3-BF4B-00C04F79EFBC}") = "WordCompare", "WordCompare\WordCompare.csproj", "{1831BBE8-8641-4D05-8D61-4D5001B10044}"
EndProject
Global
	GlobalSection(SolutionConfigurationPlatforms) = preSolution
		Debug|Any CPU = Debug|Any CPU
		Release|Any CPU = Release|Any CPU
	EndGlobalSection
	GlobalSection(ProjectConfigurationPlatforms) = postSolution
		{1831BBE8-8641-4D05-8D61-4D5001B10044}.Debug|Any CPU.ActiveCfg = Debug|Any CPU
		{1831BBE8-8641-4D05-8D61-4D5001B10044}.Debug|Any CPU.Build.0 = Debug|Any CPU
		{1831BBE8-8641-4D05-8D61-4D5001B10044}.Release|Any CPU.ActiveCfg = Release|Any CPU
		{1831BBE8-8641-4D05-8D61-4D5001B10044}.Release|Any CPU.Build.0 = Release|Any CPU
	EndGlobalSection
	GlobalSection(SolutionProperties) = preSolution
		HideSolutionNode = FALSE
	EndGlobalSection
EndGlobal
